{
    "requires": true,
    "lockfileVersion": 1,
    "dependencies": {
        "charenc": {
            "version": "0.0.2",
            "resolved": "https://registry.npmjs.org/charenc/-/charenc-0.0.2.tgz",
            "integrity": "sha1-wKHS86cJLgN3S/qD8UwPxXkKhmc="
        },
        "commander": {
            "version": "2.20.3",
            "resolved": "https://registry.npmjs.org/commander/-/commander-2.20.3.tgz",
            "integrity": "sha512-GpVkmM8vF2vQUkj2LvZmD35JxeJOLCwJ9cUkugyk2nuhbv3+mJvpLYYt+0+USMxE+oj+ey/lJEnhZw75x/OMcQ=="
        },
        "crypt": {
            "version": "0.0.2",
            "resolved": "https://registry.npmjs.org/crypt/-/crypt-0.0.2.tgz",
            "integrity": "sha1-iNf/fsDfuG9xPch7u0LQRNPmxBs="
        },
        "cssfilter": {
            "version": "0.0.10",
            "resolved": "https://registry.npmjs.org/cssfilter/-/cssfilter-0.0.10.tgz",
            "integrity": "sha1-xtJnJjKi5cg+AT5oZKQs6N79IK4="
        },
        "sha1": {
            "version": "1.1.1",
            "resolved": "https://registry.npmjs.org/sha1/-/sha1-1.1.1.tgz",
            "integrity": "sha1-rdqnqTFo85PxnrKxUJFhjicA+Eg=",
            "requires": {
                "charenc": ">= 0.0.1",
                "crypt": ">= 0.0.1"
            }
        },
        "vue-xss": {
            "version": "1.0.4",
            "resolved": "https://registry.npmjs.org/vue-xss/-/vue-xss-1.0.4.tgz",
            "integrity": "sha512-g8nbBRY5q/BWns5KkngZ8mn9KaJAJV61oqVEHgEcVOKAqHPiA8E8JM8GW+8XOGXBh6GCnR07nyxLCQoHRr6c9A==",
            "requires": {
                "xss": "^1.0.6"
            }
        },
        "xss": {
            "version": "1.0.8",
            "resolved": "https://registry.npmjs.org/xss/-/xss-1.0.8.tgz",
            "integrity": "sha512-3MgPdaXV8rfQ/pNn16Eio6VXYPTkqwa0vc7GkiymmY/DqR1SE/7VPAAVZz1GJsJFrllMYO3RHfEaiUGjab6TNw==",
            "requires": {
                "commander": "^2.20.3",
                "cssfilter": "0.0.10"
            }
        }
    }
}
